
Microsoft Visual Studio Solution File, Format Version 12.00
# Visual Studio Version 16
VisualStudioVersion = 16.0.30104.148
MinimumVisualStudioVersion = 10.0.40219.1
Project("{FAE04EC0-301F-11D3-BF4B-00C04F79EFBC}") = "AgroFlora", "AgroFlora.csproj", "{2BC41C3C-F6FB-4F3D-8F76-844C489E37CA}"
EndProject
Global
	GlobalSection(SolutionConfigurationPlatforms) = preSolution
		Debug|Any CPU = Debug|Any CPU
		Release|Any CPU = Release|Any CPU
	EndGlobalSection
	GlobalSection(ProjectConfigurationPlatforms) = postSolution
		{2BC41C3C-F6FB-4F3D-8F76-844C489E37CA}.Debug|Any CPU.ActiveCfg = Debug|Any CPU
		{2BC41C3C-F6FB-4F3D-8F76-844C489E37CA}.Debug|Any CPU.Build.0 = Debug|Any CPU
		{2BC41C3C-F6FB-4F3D-8F76-844C489E37CA}.Release|Any CPU.ActiveCfg = Release|Any CPU
		{2BC41C3C-F6FB-4F3D-8F76-844C489E37CA}.Release|Any CPU.Build.0 = Release|Any CPU
	EndGlobalSection
	GlobalSection(SolutionProperties) = preSolution
		HideSolutionNode = FALSE
	EndGlobalSection
	GlobalSection(ExtensibilityGlobals) = postSolution
		SolutionGuid = {E7278868-28A7-4B7D-B1CB-2B0D71A8EB7F}
	EndGlobalSection
EndGlobal
